{
  "name": "backend",
  "version": "0.1.0",
  "lockfileVersion": 1,
  "requires": true,
  "dependencies": {
    "@aws-cdk/assets": {
      "version": "1.7.0",
      "resolved": "https://registry.npmjs.org/@aws-cdk/assets/-/assets-1.7.0.tgz",
      "integrity": "sha512-KEjWF+5F3yo3I6dRQT12tV9d0wiJcns/8OH9Gk4hwGPIGK4y7v7iFBGWSlYST4dbKKZcceX/rGw23e812exfWg==",
      "dev": true,
      "requires": {
        "@aws-cdk/core": "^1.7.0",
        "@aws-cdk/cx-api": "^1.7.0",
        "minimatch": "^3.0.4"
      },
      "dependencies": {
        "balanced-match": {
          "version": "1.0.0",
          "bundled": true,
          "dev": true
        },
        "brace-expansion": {
          "version": "1.1.11",
          "bundled": true,
          "dev": true,
          "requires": {
            "balanced-match": "^1.0.0",
            "concat-map": "0.0.1"
          }
        },
        "concat-map": {
          "version": "0.0.1",
          "bundled": true,
          "dev": true
        },
        "minimatch": {
          "version": "3.0.4",
          "bundled": true,
          "dev": true,
          "requires": {
            "brace-expansion": "^1.1.7"
          }
        }
      }
    },
    "@aws-cdk/aws-certificatemanager": {
      "version": "1.7.0",
      "resolved": "https://registry.npmjs.org/@aws-cdk/aws-certificatemanager/-/aws-certificatemanager-1.7.0.tgz",
      "integrity": "sha512-9MrbKSZPuqU3mNtTjMIcOBHvJ26b+DPH7CykIxokTjWxckevWDpvDSKlGalvcEVtkH82ptj0PtUVZ62aMTykyQ==",
      "dev": true,
      "requires": {
        "@aws-cdk/aws-cloudformation": "^1.7.0",
        "@aws-cdk/aws-iam": "^1.7.0",
        "@aws-cdk/aws-lambda": "^1.7.0",
        "@aws-cdk/aws-route53": "^1.7.0",
        "@aws-cdk/core": "^1.7.0"
      }
    },
    "@aws-cdk/aws-cloudformation": {
      "version": "1.7.0",
      "resolved": "https://registry.npmjs.org/@aws-cdk/aws-cloudformation/-/aws-cloudformation-1.7.0.tgz",
      "integrity": "sha512-IGM+OEGmYNl/lNiu1IuWBU/mcQcn1wf4mD/z4ktIxWmdBtOV/OxVDa5cYjA5Vk7N44b7b5fmFb4Sc+L0R68jQw==",
      "dev": true,
      "requires": {
        "@aws-cdk/aws-iam": "^1.7.0",
        "@aws-cdk/aws-lambda": "^1.7.0",
        "@aws-cdk/aws-sns": "^1.7.0",
        "@aws-cdk/core": "^1.7.0"
      }
    },
    "@aws-cdk/aws-cloudfront": {
      "version": "1.7.0",
      "resolved": "https://registry.npmjs.org/@aws-cdk/aws-cloudfront/-/aws-cloudfront-1.7.0.tgz",
      "integrity": "sha512-EgShd1CIwE8nc+v0qmEcUqQxuTJsM2ELwF3sY9MQM7AIXHvefvNJ5vL2uj4+5Ns9i2G7QSKSGau2GSWr/y/9pA==",
      "dev": true,
      "requires": {
        "@aws-cdk/aws-certificatemanager": "^1.7.0",
        "@aws-cdk/aws-iam": "^1.7.0",
        "@aws-cdk/aws-kms": "^1.7.0",
        "@aws-cdk/aws-lambda": "^1.7.0",
        "@aws-cdk/aws-s3": "^1.7.0",
        "@aws-cdk/core": "^1.7.0"
      }
    },
    "@aws-cdk/aws-cloudwatch": {
      "version": "1.7.0",
      "resolved": "https://registry.npmjs.org/@aws-cdk/aws-cloudwatch/-/aws-cloudwatch-1.7.0.tgz",
      "integrity": "sha512-8OrF7+8vV2BrFlZ5f31lj2eG1CMTeSyzBbUpy5o/6YvklljrXM4izxounFDTySwUK4nWmi9rswoNMaDOXUOOmQ==",
      "dev": true,
      "requires": {
        "@aws-cdk/aws-iam": "^1.7.0",
        "@aws-cdk/core": "^1.7.0"
      }
    },
    "@aws-cdk/aws-ec2": {
      "version": "1.7.0",
      "resolved": "https://registry.npmjs.org/@aws-cdk/aws-ec2/-/aws-ec2-1.7.0.tgz",
      "integrity": "sha512-P87pdA+b5NihUghiBwKqagOOtjrsv3SPa2RDpNJL+k0RXvOI1L0+LgqAt5s4reUiTGPABki+GSPPhDVCisZ6Fg==",
      "dev": true,
      "requires": {
        "@aws-cdk/aws-cloudwatch": "^1.7.0",
        "@aws-cdk/aws-iam": "^1.7.0",
        "@aws-cdk/aws-ssm": "^1.7.0",
        "@aws-cdk/core": "^1.7.0",
        "@aws-cdk/cx-api": "^1.7.0"
      }
    },
    "@aws-cdk/aws-events": {
      "version": "1.7.0",
      "resolved": "https://registry.npmjs.org/@aws-cdk/aws-events/-/aws-events-1.7.0.tgz",
      "integrity": "sha512-7rC2ie7AAVo4awvv9wvGKYlLIkDfoPSChdyrCTBf5xc22MIO3r0Qlrr2yTIjA35K8JT15fdlKbV+PN4+ez0WYA==",
      "dev": true,
      "requires": {
        "@aws-cdk/aws-iam": "^1.7.0",
        "@aws-cdk/core": "^1.7.0"
      }
    },
    "@aws-cdk/aws-iam": {
      "version": "1.7.0",
      "resolved": "https://registry.npmjs.org/@aws-cdk/aws-iam/-/aws-iam-1.7.0.tgz",
      "integrity": "sha512-nOMtQeR7WZ3IqRkw8B5HuRVdvuFGEjBCwK9ImAYdVJcOVGAejZ6QQOiOGgA6rcUE0V0srahbOGKeeBF4rhCLPA==",
      "dev": true,
      "requires": {
        "@aws-cdk/core": "^1.7.0",
        "@aws-cdk/region-info": "^1.7.0"
      }
    },
    "@aws-cdk/aws-kms": {
      "version": "1.7.0",
      "resolved": "https://registry.npmjs.org/@aws-cdk/aws-kms/-/aws-kms-1.7.0.tgz",
      "integrity": "sha512-X4Jok5TkJCk33HHXPLnVAEqo8kXfWfA73iYlTlSNm5BigDYIrTtHVqGWiSKQdl8pKPN01I+IG8N339kRmbJuNw==",
      "dev": true,
      "requires": {
        "@aws-cdk/aws-iam": "^1.7.0",
        "@aws-cdk/core": "^1.7.0"
      }
    },
    "@aws-cdk/aws-lambda": {
      "version": "1.7.0",
      "resolved": "https://registry.npmjs.org/@aws-cdk/aws-lambda/-/aws-lambda-1.7.0.tgz",
      "integrity": "sha512-DANjzpBZgw7+H/HgolZdr7lqkY5702CdSAL/ozkDTjfnfuAcbBskBoZ3XRl9EMfp1CL4grRWNB4K1+MYKPGoxw==",
      "dev": true,
      "requires": {
        "@aws-cdk/aws-cloudwatch": "^1.7.0",
        "@aws-cdk/aws-ec2": "^1.7.0",
        "@aws-cdk/aws-events": "^1.7.0",
        "@aws-cdk/aws-iam": "^1.7.0",
        "@aws-cdk/aws-logs": "^1.7.0",
        "@aws-cdk/aws-s3": "^1.7.0",
        "@aws-cdk/aws-s3-assets": "^1.7.0",
        "@aws-cdk/aws-sqs": "^1.7.0",
        "@aws-cdk/core": "^1.7.0",
        "@aws-cdk/cx-api": "^1.7.0"
      }
    },
    "@aws-cdk/aws-logs": {
      "version": "1.7.0",
      "resolved": "https://registry.npmjs.org/@aws-cdk/aws-logs/-/aws-logs-1.7.0.tgz",
      "integrity": "sha512-iq34gt1rlAKoB1+Vq3QQFN69GTjocY4E2w1JKnu6zk8sSvN3sMLb1kRIH1/dTYZNBwHbXgc3K0G9y1JqOnI7iQ==",
      "dev": true,
      "requires": {
        "@aws-cdk/aws-cloudwatch": "^1.7.0",
        "@aws-cdk/aws-iam": "^1.7.0",
        "@aws-cdk/core": "^1.7.0"
      }
    },
    "@aws-cdk/aws-route53": {
      "version": "1.7.0",
      "resolved": "https://registry.npmjs.org/@aws-cdk/aws-route53/-/aws-route53-1.7.0.tgz",
      "integrity": "sha512-QVDv2LNYp1tViP9cp3entCTdc9sgQMrZ87W16lfjwKnzMZTdIN+/Lm2/BKN6tGOI/7WIcocQolaEDeZjQ1zh/Q==",
      "dev": true,
      "requires": {
        "@aws-cdk/aws-ec2": "^1.7.0",
        "@aws-cdk/aws-logs": "^1.7.0",
        "@aws-cdk/core": "^1.7.0",
        "@aws-cdk/cx-api": "^1.7.0"
      }
    },
    "@aws-cdk/aws-s3": {
      "version": "1.7.0",
      "resolved": "https://registry.npmjs.org/@aws-cdk/aws-s3/-/aws-s3-1.7.0.tgz",
      "integrity": "sha512-yUeDnDPszbEOa/XGOc7Ear0NguRYv53xy+bGJDDzD1jNCWQZ45pvCkMZrcLKSJlH4+L1Dbv0Oc0OQlSe6jlp9Q==",
      "dev": true,
      "requires": {
        "@aws-cdk/aws-events": "^1.7.0",
        "@aws-cdk/aws-iam": "^1.7.0",
        "@aws-cdk/aws-kms": "^1.7.0",
        "@aws-cdk/core": "^1.7.0"
      }
    },
    "@aws-cdk/aws-s3-assets": {
      "version": "1.7.0",
      "resolved": "https://registry.npmjs.org/@aws-cdk/aws-s3-assets/-/aws-s3-assets-1.7.0.tgz",
      "integrity": "sha512-OE1ektTDAHfFNlEpd8a8CFHGMmrfCUo09vJOfsxUrAxiAI5fzenNtajAJWsfmZ8fOTsVFGgsAcL851/bzDnsEg==",
      "dev": true,
      "requires": {
        "@aws-cdk/assets": "^1.7.0",
        "@aws-cdk/aws-iam": "^1.7.0",
        "@aws-cdk/aws-s3": "^1.7.0",
        "@aws-cdk/core": "^1.7.0",
        "@aws-cdk/cx-api": "^1.7.0"
      }
    },
    "@aws-cdk/aws-sns": {
      "version": "1.7.0",
      "resolved": "https://registry.npmjs.org/@aws-cdk/aws-sns/-/aws-sns-1.7.0.tgz",
      "integrity": "sha512-tGZHWlEiTpZHvDO48DdCuF+hov9JUNpeR3dRInrn5N5QWMPN6jxetqSruj7NsAmqBvszAJFEtJN/XAJYlDAjqw==",
      "dev": true,
      "requires": {
        "@aws-cdk/aws-cloudwatch": "^1.7.0",
        "@aws-cdk/aws-events": "^1.7.0",
        "@aws-cdk/aws-iam": "^1.7.0",
        "@aws-cdk/core": "^1.7.0"
      }
    },
    "@aws-cdk/aws-sqs": {
      "version": "1.7.0",
      "resolved": "https://registry.npmjs.org/@aws-cdk/aws-sqs/-/aws-sqs-1.7.0.tgz",
      "integrity": "sha512-oJreqOtr1HMK7DM63xuviwSHSuyqkHNR4REfuz6OXSbHsPwCnmEMoSg7F5nXVIfsPr8xPOid9bLSxR/EeN+PFw==",
      "dev": true,
      "requires": {
        "@aws-cdk/aws-cloudwatch": "^1.7.0",
        "@aws-cdk/aws-iam": "^1.7.0",
        "@aws-cdk/aws-kms": "^1.7.0",
        "@aws-cdk/core": "^1.7.0"
      }
    },
    "@aws-cdk/aws-ssm": {
      "version": "1.7.0",
      "resolved": "https://registry.npmjs.org/@aws-cdk/aws-ssm/-/aws-ssm-1.7.0.tgz",
      "integrity": "sha512-3sGsDwKADTO0rzAUpuDf6haSLkJBGgqWCe5wvJXtzW3kwv5xWGzC8DWKt7yUxHzKLLHI4lgys43cGpEYTqp9Rg==",
      "dev": true,
      "requires": {
        "@aws-cdk/aws-iam": "^1.7.0",
        "@aws-cdk/core": "^1.7.0",
        "@aws-cdk/cx-api": "^1.7.0"
      }
    },
    "@aws-cdk/core": {
      "version": "1.7.0",
      "resolved": "https://registry.npmjs.org/@aws-cdk/core/-/core-1.7.0.tgz",
      "integrity": "sha512-upkhqAhCgJJeJxZyvOFfbMDgwATKASBoC1VGPa1JBdT3QpixyxLbPZ7VwImfKtCDSefbULWu1eG+ZoXAvIUozA==",
      "dev": true,
      "requires": {
        "@aws-cdk/cx-api": "^1.7.0"
      }
    },
    "@aws-cdk/cx-api": {
      "version": "1.7.0",
      "resolved": "https://registry.npmjs.org/@aws-cdk/cx-api/-/cx-api-1.7.0.tgz",
      "integrity": "sha512-Ee+y2zScTti49Gfpttd7F2GssMrgffhC+fZ4TQIUZfuDHequRtYDRnQBsc3JbBHBYmOLxHzd8WI/KBUYl42TFA==",
      "dev": true,
      "requires": {
        "semver": "^6.3.0"
      },
      "dependencies": {
        "semver": {
          "version": "6.3.0",
          "bundled": true,
          "dev": true
        }
      }
    },
    "@aws-cdk/region-info": {
      "version": "1.7.0",
      "resolved": "https://registry.npmjs.org/@aws-cdk/region-info/-/region-info-1.7.0.tgz",
      "integrity": "sha512-OiHGqMuiNB2Fd1kmfkHspICxG05J0GyO4F3g0XW02HF3Qw0ykKH6Ll1Vt11fGZSMDHLIqo4WbFOyPbHepLeLwQ==",
      "dev": true
    },
    "@bazel/bazel": {
      "version": "0.29.0",
      "resolved": "https://registry.npmjs.org/@bazel/bazel/-/bazel-0.29.0.tgz",
      "integrity": "sha512-OBxPv+V73PtADVG4qsGJ7Zj0wJrJorRbHgYE8qsRBNKls6e6rf0jkjSIQvAvP1Dyt7x4MGyhIzzK/5IsPeQZIA==",
      "dev": true,
      "requires": {
        "@bazel/bazel-darwin_x64": "0.29.0",
        "@bazel/bazel-linux_x64": "0.29.0",
        "@bazel/bazel-win32_x64": "0.29.0",
        "@bazel/hide-bazel-files": "^0.37.0"
      },
      "dependencies": {
        "@bazel/bazel-darwin_x64": {
          "version": "0.29.0",
          "resolved": "https://registry.npmjs.org/@bazel/bazel-darwin_x64/-/bazel-darwin_x64-0.29.0.tgz",
          "integrity": "sha512-q6snNakVA3wzv3VIuFlsw3/xcB/ygsAMhkigsuZXv1yHmwnuBOI4UJ2r2+Ttc4HPHflS0aWuI/raHDq81vBYKw==",
          "dev": true,
          "optional": true
        },
        "@bazel/bazel-linux_x64": {
          "version": "0.29.0",
          "resolved": "https://registry.npmjs.org/@bazel/bazel-linux_x64/-/bazel-linux_x64-0.29.0.tgz",
          "integrity": "sha512-QxWdtlsFKMi3SJ++osjA8QQbWOlGZXU0/TtUTiswsRwWdOEwZhOa2c1ljIQY5QBgzc3CCh2clRnkjWQj0/V/Dw==",
          "dev": true,
          "optional": true
        },
        "@bazel/bazel-win32_x64": {
          "version": "0.29.0",
          "resolved": "https://registry.npmjs.org/@bazel/bazel-win32_x64/-/bazel-win32_x64-0.29.0.tgz",
          "integrity": "sha512-r0DhNarJrzzcXrvRbey43hGVO4J2QBAS43VrgjrxVw+1kyjKkIOQIh3wKr/OKx2jKOX0y3hCrLpL/aivHqub4g==",
          "dev": true,
          "optional": true
        }
      }
    },
    "@bazel/buildifier": {
      "version": "0.28.0",
      "resolved": "https://registry.npmjs.org/@bazel/buildifier/-/buildifier-0.28.0.tgz",
      "integrity": "sha512-g9F7rEQayXU4SHgbOYhDLk8AzDMhqFNnZVb/xVDeCkbg20MbCGIZDj9pN8NBnowB7OJF4VsvnSV0FB4BVGfpxQ==",
      "dev": true,
      "requires": {
        "@bazel/buildifier-darwin_x64": "0.28.0",
        "@bazel/buildifier-linux_x64": "0.28.0",
        "@bazel/buildifier-win32_x64": "0.28.0"
      },
      "dependencies": {
        "@bazel/buildifier-darwin_x64": {
          "version": "0.28.0",
          "resolved": "https://registry.npmjs.org/@bazel/buildifier-darwin_x64/-/buildifier-darwin_x64-0.28.0.tgz",
          "integrity": "sha512-bvWz4W3FzWFqUr65Z/IrrhUuzHzvFnYB3QpPXUlUOI1sx43Ge3pMlndEwhMBOPM2SoRi5Z5rxG0X9NuvuXWw8w==",
          "dev": true,
          "optional": true
        },
        "@bazel/buildifier-linux_x64": {
          "version": "0.28.0",
          "resolved": "https://registry.npmjs.org/@bazel/buildifier-linux_x64/-/buildifier-linux_x64-0.28.0.tgz",
          "integrity": "sha512-KVXUcT2yZnKcRf4L9qzlYtEHw9SdO4/O6/cyyyybYPzpS3CJ2yIFm6VabXBTXsUp3LXfWc3EE62f8ieHoRJJnw==",
          "dev": true,
          "optional": true
        },
        "@bazel/buildifier-win32_x64": {
          "version": "0.28.0",
          "resolved": "https://registry.npmjs.org/@bazel/buildifier-win32_x64/-/buildifier-win32_x64-0.28.0.tgz",
          "integrity": "sha512-6E9QZPVzMolcQQKDi5tRJjAFylgzBWbV01/3RiFZb1x4ITZJ74h/FuTRhdYAUPA3n59ge2F3sPtf9Q97RxJU7g==",
          "dev": true,
          "optional": true
        }
      }
    },
    "@bazel/hide-bazel-files": {
      "version": "0.37.0",
      "resolved": "https://registry.npmjs.org/@bazel/hide-bazel-files/-/hide-bazel-files-0.37.0.tgz",
      "integrity": "sha512-aVReQa7UxWjBNTsZTAmFKHujTaDxlMUEq2BgvP7mYp1nnZjsCI30SjzPkTn77Ghw4/lK8lhht7AdfWPQp271pQ==",
      "dev": true
    },
    "@bazel/ibazel": {
      "version": "0.10.3",
      "resolved": "https://registry.npmjs.org/@bazel/ibazel/-/ibazel-0.10.3.tgz",
      "integrity": "sha512-v1nXbMTHVlMM4z4uWp6XiRoHAyUlYggF1SOboLLWRp0+D22kWixqArWqnozLw2mOtnxr97BdLjluWiho6A8Hjg==",
      "dev": true
    },
    "@bazel/typescript": {
      "version": "0.37.0",
      "resolved": "https://registry.npmjs.org/@bazel/typescript/-/typescript-0.37.0.tgz",
      "integrity": "sha512-4Pz5x87ihPjKQxo/XMfFXJeGHiNEOdaIqLOqzuIXbwczJvMxPKMwnXzikr9XkjHrHs26zZo4iMtXALqW2j7C5w==",
      "dev": true,
      "requires": {
        "protobufjs": "6.8.8",
        "semver": "5.6.0",
        "source-map-support": "0.5.9",
        "tsutils": "2.27.2"
      }
    },
    "@protobufjs/aspromise": {
      "version": "1.1.2",
      "resolved": "https://registry.npmjs.org/@protobufjs/aspromise/-/aspromise-1.1.2.tgz",
      "integrity": "sha1-m4sMxmPWaafY9vXQiToU00jzD78=",
      "dev": true
    },
    "@protobufjs/base64": {
      "version": "1.1.2",
      "resolved": "https://registry.npmjs.org/@protobufjs/base64/-/base64-1.1.2.tgz",
      "integrity": "sha512-AZkcAA5vnN/v4PDqKyMR5lx7hZttPDgClv83E//FMNhR2TMcLUhfRUBHCmSl0oi9zMgDDqRUJkSxO3wm85+XLg==",
      "dev": true
    },
    "@protobufjs/codegen": {
      "version": "2.0.4",
      "resolved": "https://registry.npmjs.org/@protobufjs/codegen/-/codegen-2.0.4.tgz",
      "integrity": "sha512-YyFaikqM5sH0ziFZCN3xDC7zeGaB/d0IUb9CATugHWbd1FRFwWwt4ld4OYMPWu5a3Xe01mGAULCdqhMlPl29Jg==",
      "dev": true
    },
    "@protobufjs/eventemitter": {
      "version": "1.1.0",
      "resolved": "https://registry.npmjs.org/@protobufjs/eventemitter/-/eventemitter-1.1.0.tgz",
      "integrity": "sha1-NVy8mLr61ZePntCV85diHx0Ga3A=",
      "dev": true
    },
    "@protobufjs/fetch": {
      "version": "1.1.0",
      "resolved": "https://registry.npmjs.org/@protobufjs/fetch/-/fetch-1.1.0.tgz",
      "integrity": "sha1-upn7WYYUr2VwDBYZ/wbUVLDYTEU=",
      "dev": true,
      "requires": {
        "@protobufjs/aspromise": "^1.1.1",
        "@protobufjs/inquire": "^1.1.0"
      }
    },
    "@protobufjs/float": {
      "version": "1.0.2",
      "resolved": "https://registry.npmjs.org/@protobufjs/float/-/float-1.0.2.tgz",
      "integrity": "sha1-Xp4avctz/Ap8uLKR33jIy9l7h9E=",
      "dev": true
    },
    "@protobufjs/inquire": {
      "version": "1.1.0",
      "resolved": "https://registry.npmjs.org/@protobufjs/inquire/-/inquire-1.1.0.tgz",
      "integrity": "sha1-/yAOPnzyQp4tyvwRQIKOjMY48Ik=",
      "dev": true
    },
    "@protobufjs/path": {
      "version": "1.1.2",
      "resolved": "https://registry.npmjs.org/@protobufjs/path/-/path-1.1.2.tgz",
      "integrity": "sha1-bMKyDFya1q0NzP0hynZz2Nf79o0=",
      "dev": true
    },
    "@protobufjs/pool": {
      "version": "1.1.0",
      "resolved": "https://registry.npmjs.org/@protobufjs/pool/-/pool-1.1.0.tgz",
      "integrity": "sha1-Cf0V8tbTq/qbZbw2ZQbWrXhG/1Q=",
      "dev": true
    },
    "@protobufjs/utf8": {
      "version": "1.1.0",
      "resolved": "https://registry.npmjs.org/@protobufjs/utf8/-/utf8-1.1.0.tgz",
      "integrity": "sha1-p3c2C1s5oaLlEG+OhY8v0tBgxXA=",
      "dev": true
    },
    "@types/long": {
      "version": "4.0.0",
      "resolved": "https://registry.npmjs.org/@types/long/-/long-4.0.0.tgz",
      "integrity": "sha512-1w52Nyx4Gq47uuu0EVcsHBxZFJgurQ+rTKS3qMHxR1GY2T8c2AJYd6vZoZ9q1rupaDjU0yT+Jc2XTyXkjeMA+Q==",
      "dev": true
    },
    "@types/node": {
      "version": "10.14.17",
      "resolved": "https://registry.npmjs.org/@types/node/-/node-10.14.17.tgz",
      "integrity": "sha512-p/sGgiPaathCfOtqu2fx5Mu1bcjuP8ALFg4xpGgNkcin7LwRyzUKniEHBKdcE1RPsenq5JVPIpMTJSygLboygQ==",
      "dev": true
    },
    "buffer-from": {
      "version": "1.1.1",
      "resolved": "https://registry.npmjs.org/buffer-from/-/buffer-from-1.1.1.tgz",
      "integrity": "sha512-MQcXEUbCKtEo7bhqEs6560Hyd4XaovZlO/k9V3hjVUF/zwW7KBVdSK4gIt/bzwS9MbR5qob+F5jusZsb0YQK2A==",
      "dev": true
    },
    "long": {
      "version": "4.0.0",
      "resolved": "https://registry.npmjs.org/long/-/long-4.0.0.tgz",
      "integrity": "sha512-XsP+KhQif4bjX1kbuSiySJFNAehNxgLb6hPRGJ9QsUr8ajHkuXGdrHmFUTUUXhDwVX2R5bY4JNZEwbUiMhV+MA==",
      "dev": true
    },
    "protobufjs": {
      "version": "6.8.8",
      "resolved": "https://registry.npmjs.org/protobufjs/-/protobufjs-6.8.8.tgz",
      "integrity": "sha512-AAmHtD5pXgZfi7GMpllpO3q1Xw1OYldr+dMUlAnffGTAhqkg72WdmSY71uKBF/JuyiKs8psYbtKrhi0ASCD8qw==",
      "dev": true,
      "requires": {
        "@protobufjs/aspromise": "^1.1.2",
        "@protobufjs/base64": "^1.1.2",
        "@protobufjs/codegen": "^2.0.4",
        "@protobufjs/eventemitter": "^1.1.0",
        "@protobufjs/fetch": "^1.1.0",
        "@protobufjs/float": "^1.0.2",
        "@protobufjs/inquire": "^1.1.0",
        "@protobufjs/path": "^1.1.2",
        "@protobufjs/pool": "^1.1.0",
        "@protobufjs/utf8": "^1.1.0",
        "@types/long": "^4.0.0",
        "@types/node": "^10.1.0",
        "long": "^4.0.0"
      }
    },
    "semver": {
      "version": "5.6.0",
      "resolved": "https://registry.npmjs.org/semver/-/semver-5.6.0.tgz",
      "integrity": "sha512-RS9R6R35NYgQn++fkDWaOmqGoj4Ek9gGs+DPxNUZKuwE183xjJroKvyo1IzVFeXvUrvmALy6FWD5xrdJT25gMg==",
      "dev": true
    },
    "source-map": {
      "version": "0.6.1",
      "resolved": "https://registry.npmjs.org/source-map/-/source-map-0.6.1.tgz",
      "integrity": "sha512-UjgapumWlbMhkBgzT7Ykc5YXUT46F0iKu8SGXq0bcwP5dz/h0Plj6enJqjz1Zbq2l5WaqYnrVbwWOWMyF3F47g==",
      "dev": true
    },
    "source-map-support": {
      "version": "0.5.9",
      "resolved": "https://registry.npmjs.org/source-map-support/-/source-map-support-0.5.9.tgz",
      "integrity": "sha512-gR6Rw4MvUlYy83vP0vxoVNzM6t8MUXqNuRsuBmBHQDu1Fh6X015FrLdgoDKcNdkwGubozq0P4N0Q37UyFVr1EA==",
      "dev": true,
      "requires": {
        "buffer-from": "^1.0.0",
        "source-map": "^0.6.0"
      }
    },
    "tslib": {
      "version": "1.10.0",
      "resolved": "https://registry.npmjs.org/tslib/-/tslib-1.10.0.tgz",
      "integrity": "sha512-qOebF53frne81cf0S9B41ByenJ3/IuH8yJKngAX35CmiZySA0khhkovshKK+jGCaMnVomla7gVlIcc3EvKPbTQ==",
      "dev": true
    },
    "tsutils": {
      "version": "2.27.2",
      "resolved": "https://registry.npmjs.org/tsutils/-/tsutils-2.27.2.tgz",
      "integrity": "sha512-qf6rmT84TFMuxAKez2pIfR8UCai49iQsfB7YWVjV1bKpy/d0PWT5rEOSM6La9PiHZ0k1RRZQiwVdVJfQ3BPHgg==",
      "dev": true,
      "requires": {
        "tslib": "^1.8.1"
      }
    },
    "typescript": {
      "version": "3.6.2",
      "resolved": "https://registry.npmjs.org/typescript/-/typescript-3.6.2.tgz",
      "integrity": "sha512-lmQ4L+J6mnu3xweP8+rOrUwzmN+MRAj7TgtJtDaXE5PMyX2kCrklhg3rvOsOIfNeAWMQWO2F1GPc1kMD2vLAfw==",
      "dev": true
    }
  }
}
