{
  "name": "backend",
  "version": "0.1.0",
  "lockfileVersion": 1,
  "requires": true,
  "dependencies": {
    "@bazel/bazel": {
      "version": "0.29.0",
      "resolved": "https://registry.npmjs.org/@bazel/bazel/-/bazel-0.29.0.tgz",
      "integrity": "sha512-OBxPv+V73PtADVG4qsGJ7Zj0wJrJorRbHgYE8qsRBNKls6e6rf0jkjSIQvAvP1Dyt7x4MGyhIzzK/5IsPeQZIA==",
      "dev": true,
      "requires": {
        "@bazel/bazel-darwin_x64": "0.29.0",
        "@bazel/bazel-linux_x64": "0.29.0",
        "@bazel/bazel-win32_x64": "0.29.0",
        "@bazel/hide-bazel-files": "^0.37.0"
      },
      "dependencies": {
        "@bazel/bazel-darwin_x64": {
          "version": "0.29.0",
          "resolved": "https://registry.npmjs.org/@bazel/bazel-darwin_x64/-/bazel-darwin_x64-0.29.0.tgz",
          "integrity": "sha512-q6snNakVA3wzv3VIuFlsw3/xcB/ygsAMhkigsuZXv1yHmwnuBOI4UJ2r2+Ttc4HPHflS0aWuI/raHDq81vBYKw==",
          "dev": true,
          "optional": true
        },
        "@bazel/bazel-linux_x64": {
          "version": "0.29.0",
          "resolved": "https://registry.npmjs.org/@bazel/bazel-linux_x64/-/bazel-linux_x64-0.29.0.tgz",
          "integrity": "sha512-QxWdtlsFKMi3SJ++osjA8QQbWOlGZXU0/TtUTiswsRwWdOEwZhOa2c1ljIQY5QBgzc3CCh2clRnkjWQj0/V/Dw==",
          "dev": true,
          "optional": true
        },
        "@bazel/bazel-win32_x64": {
          "version": "0.29.0",
          "resolved": "https://registry.npmjs.org/@bazel/bazel-win32_x64/-/bazel-win32_x64-0.29.0.tgz",
          "integrity": "sha512-r0DhNarJrzzcXrvRbey43hGVO4J2QBAS43VrgjrxVw+1kyjKkIOQIh3wKr/OKx2jKOX0y3hCrLpL/aivHqub4g==",
          "dev": true,
          "optional": true
        }
      }
    },
    "@bazel/buildifier": {
      "version": "0.28.0",
      "resolved": "https://registry.npmjs.org/@bazel/buildifier/-/buildifier-0.28.0.tgz",
      "integrity": "sha512-g9F7rEQayXU4SHgbOYhDLk8AzDMhqFNnZVb/xVDeCkbg20MbCGIZDj9pN8NBnowB7OJF4VsvnSV0FB4BVGfpxQ==",
      "dev": true,
      "requires": {
        "@bazel/buildifier-darwin_x64": "0.28.0",
        "@bazel/buildifier-linux_x64": "0.28.0",
        "@bazel/buildifier-win32_x64": "0.28.0"
      },
      "dependencies": {
        "@bazel/buildifier-darwin_x64": {
          "version": "0.28.0",
          "resolved": "https://registry.npmjs.org/@bazel/buildifier-darwin_x64/-/buildifier-darwin_x64-0.28.0.tgz",
          "integrity": "sha512-bvWz4W3FzWFqUr65Z/IrrhUuzHzvFnYB3QpPXUlUOI1sx43Ge3pMlndEwhMBOPM2SoRi5Z5rxG0X9NuvuXWw8w==",
          "dev": true,
          "optional": true
        },
        "@bazel/buildifier-linux_x64": {
          "version": "0.28.0",
          "resolved": "https://registry.npmjs.org/@bazel/buildifier-linux_x64/-/buildifier-linux_x64-0.28.0.tgz",
          "integrity": "sha512-KVXUcT2yZnKcRf4L9qzlYtEHw9SdO4/O6/cyyyybYPzpS3CJ2yIFm6VabXBTXsUp3LXfWc3EE62f8ieHoRJJnw==",
          "dev": true,
          "optional": true
        },
        "@bazel/buildifier-win32_x64": {
          "version": "0.28.0",
          "resolved": "https://registry.npmjs.org/@bazel/buildifier-win32_x64/-/buildifier-win32_x64-0.28.0.tgz",
          "integrity": "sha512-6E9QZPVzMolcQQKDi5tRJjAFylgzBWbV01/3RiFZb1x4ITZJ74h/FuTRhdYAUPA3n59ge2F3sPtf9Q97RxJU7g==",
          "dev": true,
          "optional": true
        }
      }
    },
    "@bazel/hide-bazel-files": {
      "version": "0.37.0",
      "resolved": "https://registry.npmjs.org/@bazel/hide-bazel-files/-/hide-bazel-files-0.37.0.tgz",
      "integrity": "sha512-aVReQa7UxWjBNTsZTAmFKHujTaDxlMUEq2BgvP7mYp1nnZjsCI30SjzPkTn77Ghw4/lK8lhht7AdfWPQp271pQ==",
      "dev": true
    },
    "@bazel/ibazel": {
      "version": "0.10.3",
      "resolved": "https://registry.npmjs.org/@bazel/ibazel/-/ibazel-0.10.3.tgz",
      "integrity": "sha512-v1nXbMTHVlMM4z4uWp6XiRoHAyUlYggF1SOboLLWRp0+D22kWixqArWqnozLw2mOtnxr97BdLjluWiho6A8Hjg==",
      "dev": true
    }
  }
}
